// !$*UTF8*$!
{
	archiveVersion = 1;
	classes = {
	};
	objectVersion = 48;
	objects = {

/* Begin PBXBuildFile section */
		D69505D51FCF0A8D00D690E3 /* AppDelegate.swift in Sources */ = {isa = PBXBuildFile; fileRef = D69505D41FCF0A8D00D690E3 /* AppDelegate.swift */; };
		D69505D71FCF0A8D00D690E3 /* ViewController.swift in Sources */ = {isa = PBXBuildFile; fileRef = D69505D61FCF0A8D00D690E3 /* ViewController.swift */; };
		D69505DA1FCF0A8D00D690E3 /* Main.storyboard in Resources */ = {isa = PBXBuildFile; fileRef = D69505D81FCF0A8D00D690E3 /* Main.storyboard */; };
		D69505DC1FCF0A8D00D690E3 /* Assets.xcassets in Resources */ = {isa = PBXBuildFile; fileRef = D69505DB1FCF0A8D00D690E3 /* Assets.xcassets */; };
		D69505DF1FCF0A8D00D690E3 /* LaunchScreen.storyboard in Resources */ = {isa = PBXBuildFile; fileRef = D69505DD1FCF0A8D00D690E3 /* LaunchScreen.storyboard */; };
		D69505E71FCF0DD800D690E3 /* Logger.swift in Sources */ = {isa = PBXBuildFile; fileRef = D69505E61FCF0DD800D690E3 /* Logger.swift */; };
		D69505EB1FCF189000D690E3 /* BluetoothManager.swift in Sources */ = {isa = PBXBuildFile; fileRef = D69505EA1FCF189000D690E3 /* BluetoothManager.swift */; };
/* End PBXBuildFile section */

/* Begin PBXFileReference section */
		D69505D11FCF0A8D00D690E3 /* AccelGyroEndpoint.app */ = {isa = PBXFileReference; explicitFileType = wrapper.application; includeInIndex = 0; path = AccelGyroEndpoint.app; sourceTree = BUILT_PRODUCTS_DIR; };
		D69505D41FCF0A8D00D690E3 /* AppDelegate.swift */ = {isa = PBXFileReference; lastKnownFileType = sourcecode.swift; path = AppDelegate.swift; sourceTree = "<group>"; };
		D69505D61FCF0A8D00D690E3 /* ViewController.swift */ = {isa = PBXFileReference; lastKnownFileType = sourcecode.swift; path = ViewController.swift; sourceTree = "<group>"; };
		D69505D91FCF0A8D00D690E3 /* Base */ = {isa = PBXFileReference; lastKnownFileType = file.storyboard; name = Base; path = Base.lproj/Main.storyboard; sourceTree = "<group>"; };
		D69505DB1FCF0A8D00D690E3 /* Assets.xcassets */ = {isa = PBXFileReference; lastKnownFileType = folder.assetcatalog; path = Assets.xcassets; sourceTree = "<group>"; };
		D69505DE1FCF0A8D00D690E3 /* Base */ = {isa = PBXFileReference; lastKnownFileType = file.storyboard; name = Base; path = Base.lproj/LaunchScreen.storyboard; sourceTree = "<group>"; };
		D69505E01FCF0A8D00D690E3 /* Info.plist */ = {isa = PBXFileReference; lastKnownFileType = text.plist.xml; path = Info.plist; sourceTree = "<group>"; };
		D69505E61FCF0DD800D690E3 /* Logger.swift */ = {isa = PBXFileReference; lastKnownFileType = sourcecode.swift; path = Logger.swift; sourceTree = "<group>"; };
		D69505EA1FCF189000D690E3 /* BluetoothManager.swift */ = {isa = PBXFileReference; lastKnownFileType = sourcecode.swift; path = BluetoothManager.swift; sourceTree = "<group>"; };
/* End PBXFileReference section */

/* Begin PBXFrameworksBuildPhase section */
		D69505CE1FCF0A8D00D690E3 /* Frameworks */ = {
			isa = PBXFrameworksBuildPhase;
			buildActionMask = 2147483647;
			files = (
			);
			runOnlyForDeploymentPostprocessing = 0;
		};
/* End PBXFrameworksBuildPhase section */

/* Begin PBXGroup section */
		D69505C81FCF0A8D00D690E3 = {
			isa = PBXGroup;
			children = (
				D69505D31FCF0A8D00D690E3 /* AccelGyroEndpoint */,
				D69505D21FCF0A8D00D690E3 /* Products */,
			);
			sourceTree = "<group>";
		};
		D69505D21FCF0A8D00D690E3 /* Products */ = {
			isa = PBXGroup;
			children = (
				D69505D11FCF0A8D00D690E3 /* AccelGyroEndpoint.app */,
			);
			name = Products;
			sourceTree = "<group>";
		};
		D69505D31FCF0A8D00D690E3 /* AccelGyroEndpoint */ = {
			isa = PBXGroup;
			children = (
				D69505E61FCF0DD800D690E3 /* Logger.swift */,
				D69505D41FCF0A8D00D690E3 /* AppDelegate.swift */,
				D69505D61FCF0A8D00D690E3 /* ViewController.swift */,
				D69505D81FCF0A8D00D690E3 /* Main.storyboard */,
				D69505DB1FCF0A8D00D690E3 /* Assets.xcassets */,
				D69505DD1FCF0A8D00D690E3 /* LaunchScreen.storyboard */,
				D69505E01FCF0A8D00D690E3 /* Info.plist */,
				D69505EA1FCF189000D690E3 /* BluetoothManager.swift */,
			);
			path = AccelGyroEndpoint;
			sourceTree = "<group>";
		};
/* End PBXGroup section */

/* Begin PBXNativeTarget section */
		D69505D01FCF0A8D00D690E3 /* AccelGyroEndpoint */ = {
			isa = PBXNativeTarget;
			buildConfigurationList = D69505E31FCF0A8D00D690E3 /* Build configuration list for PBXNativeTarget "AccelGyroEndpoint" */;
			buildPhases = (
				D69505CD1FCF0A8D00D690E3 /* Sources */,
				D69505CE1FCF0A8D00D690E3 /* Frameworks */,
				D69505CF1FCF0A8D00D690E3 /* Resources */,
			);
			buildRules = (
			);
			dependencies = (
			);
			name = AccelGyroEndpoint;
			productName = AccelGyroEndpoint;
			productReference = D69505D11FCF0A8D00D690E3 /* AccelGyroEndpoint.app */;
			productType = "com.apple.product-type.application";
		};
/* End PBXNativeTarget section */

/* Begin PBXProject section */
		D69505C91FCF0A8D00D690E3 /* Project object */ = {
			isa = PBXProject;
			attributes = {
				LastSwiftUpdateCheck = 0910;
				LastUpgradeCheck = 0910;
				ORGANIZATIONNAME = Imprivata;
				TargetAttributes = {
					D69505D01FCF0A8D00D690E3 = {
						CreatedOnToolsVersion = 9.1;
						ProvisioningStyle = Automatic;
					};
				};
			};
			buildConfigurationList = D69505CC1FCF0A8D00D690E3 /* Build configuration list for PBXProject "AccelGyroEndpoint" */;
			compatibilityVersion = "Xcode 8.0";
			developmentRegion = en;
			hasScannedForEncodings = 0;
			knownRegions = (
				en,
				Base,
			);
			mainGroup = D69505C81FCF0A8D00D690E3;
			productRefGroup = D69505D21FCF0A8D00D690E3 /* Products */;
			projectDirPath = "";
			projectRoot = "";
			targets = (
				D69505D01FCF0A8D00D690E3 /* AccelGyroEndpoint */,
			);
		};
/* End PBXProject section */

/* Begin PBXResourcesBuildPhase section */
		D69505CF1FCF0A8D00D690E3 /* Resources */ = {
			isa = PBXResourcesBuildPhase;
			buildActionMask = 2147483647;
			files = (
				D69505DF1FCF0A8D00D690E3 /* LaunchScreen.storyboard in Resources */,
				D69505DC1FCF0A8D00D690E3 /* Assets.xcassets in Resources */,
				D69505DA1FCF0A8D00D690E3 /* Main.storyboard in Resources */,
			);
			runOnlyForDeploymentPostprocessing = 0;
		};
/* End PBXResourcesBuildPhase section */

/* Begin PBXSourcesBuildPhase section */
		D69505CD1FCF0A8D00D690E3 /* Sources */ = {
			isa = PBXSourcesBuildPhase;
			buildActionMask = 2147483647;
			files = (
				D69505D71FCF0A8D00D690E3 /* ViewController.swift in Sources */,
				D69505E71FCF0DD800D690E3 /* Logger.swift in Sources */,
				D69505EB1FCF189000D690E3 /* BluetoothManager.swift in Sources */,
				D69505D51FCF0A8D00D690E3 /* AppDelegate.swift in Sources */,
			);
			runOnlyForDeploymentPostprocessing = 0;
		};
/* End PBXSourcesBuildPhase section */

/* Begin PBXVariantGroup section */
		D69505D81FCF0A8D00D690E3 /* Main.storyboard */ = {
			isa = PBXVariantGroup;
			children = (
				D69505D91FCF0A8D00D690E3 /* Base */,
			);
			name = Main.storyboard;
			sourceTree = "<group>";
		};
		D69505DD1FCF0A8D00D690E3 /* LaunchScreen.storyboard */ = {
			isa = PBXVariantGroup;
			children = (
				D69505DE1FCF0A8D00D690E3 /* Base */,
			);
			name = LaunchScreen.storyboard;
			sourceTree = "<group>";
		};
/* End PBXVariantGroup section */

/* Begin XCBuildConfiguration section */
		D69505E11FCF0A8D00D690E3 /* Debug */ = {
			isa = XCBuildConfiguration;
			buildSettings = {
				ALWAYS_SEARCH_USER_PATHS = NO;
				CLANG_ANALYZER_NONNULL = YES;
				CLANG_ANALYZER_NUMBER_OBJECT_CONVERSION = YES_AGGRESSIVE;
				CLANG_CXX_LANGUAGE_STANDARD = "gnu++14";
				CLANG_CXX_LIBRARY = "libc++";
				CLANG_ENABLE_MODULES = YES;
				CLANG_ENABLE_OBJC_ARC = YES;
				CLANG_WARN_BLOCK_CAPTURE_AUTORELEASING = YES;
				CLANG_WARN_BOOL_CONVERSION = YES;
				CLANG_WARN_COMMA = YES;
				CLANG_WARN_CONSTANT_CONVERSION = YES;
				CLANG_WARN_DIRECT_OBJC_ISA_USAGE = YES_ERROR;
				CLANG_WARN_DOCUMENTATION_COMMENTS = YES;
				CLANG_WARN_EMPTY_BODY = YES;
				CLANG_WARN_ENUM_CONVERSION = YES;
				CLANG_WARN_INFINITE_RECURSION = YES;
				CLANG_WARN_INT_CONVERSION = YES;
				CLANG_WARN_NON_LITERAL_NULL_CONVERSION = YES;
				CLANG_WARN_OBJC_LITERAL_CONVERSION = YES;
				CLANG_WARN_OBJC_ROOT_CLASS = YES_ERROR;
				CLANG_WARN_RANGE_LOOP_ANALYSIS = YES;
				CLANG_WARN_STRICT_PROTOTYPES = YES;
				CLANG_WARN_SUSPICIOUS_MOVE = YES;
				CLANG_WARN_UNGUARDED_AVAILABILITY = YES_AGGRESSIVE;
				CLANG_WARN_UNREACHABLE_CODE = YES;
				CLANG_WARN__DUPLICATE_METHOD_MATCH = YES;
				CODE_SIGN_IDENTITY = "iPhone Developer";
				COPY_PHASE_STRIP = NO;
				DEBUG_INFORMATION_FORMAT = dwarf;
				ENABLE_STRICT_OBJC_MSGSEND = YES;
				ENABLE_TESTABILITY = YES;
				GCC_C_LANGUAGE_STANDARD = gnu11;
				GCC_DYNAMIC_NO_PIC = NO;
				GCC_NO_COMMON_BLOCKS = YES;
				GCC_OPTIMIZATION_LEVEL = 0;
				GCC_PREPROCESSOR_DEFINITIONS = (
					"DEBUG=1",
					"$(inherited)",
				);
				GCC_WARN_64_TO_32_BIT_CONVERSION = YES;
				GCC_WARN_ABOUT_RETURN_TYPE = YES_ERROR;
				GCC_WARN_UNDECLARED_SELECTOR = YES;
				GCC_WARN_UNINITIALIZED_AUTOS = YES_AGGRESSIVE;
				GCC_WARN_UNUSED_FUNCTION = YES;
				GCC_WARN_UNUSED_VARIABLE = YES;
				IPHONEOS_DEPLOYMENT_TARGET = 11.1;
				MTL_ENABLE_DEBUG_INFO = YES;
				ONLY_ACTIVE_ARCH = YES;
				SDKROOT = iphoneos;
				SWIFT_ACTIVE_COMPILATION_CONDITIONS = DEBUG;
				SWIFT_OPTIMIZATION_LEVEL = "-Onone";
			};
			name = Debug;
		};
		D69505E21FCF0A8D00D690E3 /* Release */ = {
			isa = XCBuildConfiguration;
			buildSettings = {
				ALWAYS_SEARCH_USER_PATHS = NO;
				CLANG_ANALYZER_NONNULL = YES;
				CLANG_ANALYZER_NUMBER_OBJECT_CONVERSION = YES_AGGRESSIVE;
				CLANG_CXX_LANGUAGE_STANDARD = "gnu++14";
				CLANG_CXX_LIBRARY = "libc++";
				CLANG_ENABLE_MODULES = YES;
				CLANG_ENABLE_OBJC_ARC = YES;
				CLANG_WARN_BLOCK_CAPTURE_AUTORELEASING = YES;
				CLANG_WARN_BOOL_CONVERSION = YES;
				CLANG_WARN_COMMA = YES;
				CLANG_WARN_CONSTANT_CONVERSION = YES;
				CLANG_WARN_DIRECT_OBJC_ISA_USAGE = YES_ERROR;
				CLANG_WARN_DOCUMENTATION_COMMENTS = YES;
				CLANG_WARN_EMPTY_BODY = YES;
				CLANG_WARN_ENUM_CONVERSION = YES;
				CLANG_WARN_INFINITE_RECURSION = YES;
				CLANG_WARN_INT_CONVERSION = YES;
				CLANG_WARN_NON_LITERAL_NULL_CONVERSION = YES;
				CLANG_WARN_OBJC_LITERAL_CONVERSION = YES;
				CLANG_WARN_OBJC_ROOT_CLASS = YES_ERROR;
				CLANG_WARN_RANGE_LOOP_ANALYSIS = YES;
				CLANG_WARN_STRICT_PROTOTYPES = YES;
				CLANG_WARN_SUSPICIOUS_MOVE = YES;
				CLANG_WARN_UNGUARDED_AVAILABILITY = YES_AGGRESSIVE;
				CLANG_WARN_UNREACHABLE_CODE = YES;
				CLANG_WARN__DUPLICATE_METHOD_MATCH = YES;
				CODE_SIGN_IDENTITY = "iPhone Developer";
				COPY_PHASE_STRIP = NO;
				DEBUG_INFORMATION_FORMAT = "dwarf-with-dsym";
				ENABLE_NS_ASSERTIONS = NO;
				ENABLE_STRICT_OBJC_MSGSEND = YES;
				GCC_C_LANGUAGE_STANDARD = gnu11;
				GCC_NO_COMMON_BLOCKS = YES;
				GCC_WARN_64_TO_32_BIT_CONVERSION = YES;
				GCC_WARN_ABOUT_RETURN_TYPE = YES_ERROR;
				GCC_WARN_UNDECLARED_SELECTOR = YES;
				GCC_WARN_UNINITIALIZED_AUTOS = YES_AGGRESSIVE;
				GCC_WARN_UNUSED_FUNCTION = YES;
				GCC_WARN_UNUSED_VARIABLE = YES;
				IPHONEOS_DEPLOYMENT_TARGET = 11.1;
				MTL_ENABLE_DEBUG_INFO = NO;
				SDKROOT = iphoneos;
				SWIFT_OPTIMIZATION_LEVEL = "-Owholemodule";
				VALIDATE_PRODUCT = YES;
			};
			name = Release;
		};
		D69505E41FCF0A8D00D690E3 /* Debug */ = {
			isa = XCBuildConfiguration;
			buildSettings = {
				ASSETCATALOG_COMPILER_APPICON_NAME = AppIcon;
				CODE_SIGN_STYLE = Automatic;
				DEVELOPMENT_TEAM = 4M5ZN5CV6L;
				INFOPLIST_FILE = AccelGyroEndpoint/Info.plist;
				LD_RUNPATH_SEARCH_PATHS = "$(inherited) @executable_path/Frameworks";
				PRODUCT_BUNDLE_IDENTIFIER = com.imprivata.AccelGyroEndpoint;
				PRODUCT_NAME = "$(TARGET_NAME)";
				SWIFT_VERSION = 4.0;
				TARGETED_DEVICE_FAMILY = "1,2";
			};
			name = Debug;
		};
		D69505E51FCF0A8D00D690E3 /* Release */ = {
			isa = XCBuildConfiguration;
			buildSettings = {
				ASSETCATALOG_COMPILER_APPICON_NAME = AppIcon;
				CODE_SIGN_STYLE = Automatic;
				DEVELOPMENT_TEAM = 4M5ZN5CV6L;
				INFOPLIST_FILE = AccelGyroEndpoint/Info.plist;
				LD_RUNPATH_SEARCH_PATHS = "$(inherited) @executable_path/Frameworks";
				PRODUCT_BUNDLE_IDENTIFIER = com.imprivata.AccelGyroEndpoint;
				PRODUCT_NAME = "$(TARGET_NAME)";
				SWIFT_VERSION = 4.0;
				TARGETED_DEVICE_FAMILY = "1,2";
			};
			name = Release;
		};
/* End XCBuildConfiguration section */

/* Begin XCConfigurationList section */
		D69505CC1FCF0A8D00D690E3 /* Build configuration list for PBXProject "AccelGyroEndpoint" */ = {
			isa = XCConfigurationList;
			buildConfigurations = (
				D69505E11FCF0A8D00D690E3 /* Debug */,
				D69505E21FCF0A8D00D690E3 /* Release */,
			);
			defaultConfigurationIsVisible = 0;
			defaultConfigurationName = Release;
		};
		D69505E31FCF0A8D00D690E3 /* Build configuration list for PBXNativeTarget "AccelGyroEndpoint" */ = {
			isa = XCConfigurationList;
			buildConfigurations = (
				D69505E41FCF0A8D00D690E3 /* Debug */,
				D69505E51FCF0A8D00D690E3 /* Release */,
			);
			defaultConfigurationIsVisible = 0;
			defaultConfigurationName = Release;
		};
/* End XCConfigurationList section */
	};
	rootObject = D69505C91FCF0A8D00D690E3 /* Project object */;
}
